// !$*UTF8*$!
{
	archiveVersion = 1;
	classes = {
	};
	objectVersion = 50;
	objects = {

/* Begin PBXBuildFile section */
		32F40A681165E7F8BE8A9330 /* Pods_RXSwiftBasics.framework in Frameworks */ = {isa = PBXBuildFile; fileRef = 768D17BF28BD71E662BCDDFC /* Pods_RXSwiftBasics.framework */; };
		4D6892652148EB2500B10987 /* ObservableIntroduce.swift in Sources */ = {isa = PBXBuildFile; fileRef = 4D6892632148EB2500B10987 /* ObservableIntroduce.swift */; };
		4D68926921490F2B00B10987 /* ObservableSubscibe.swift in Sources */ = {isa = PBXBuildFile; fileRef = 4D68926821490F2B00B10987 /* ObservableSubscibe.swift */; };
		4DD349EE214770FE008C3B8A /* AppDelegate.swift in Sources */ = {isa = PBXBuildFile; fileRef = 4DD349ED214770FE008C3B8A /* AppDelegate.swift */; };
		4DD349F0214770FE008C3B8A /* ViewController.swift in Sources */ = {isa = PBXBuildFile; fileRef = 4DD349EF214770FE008C3B8A /* ViewController.swift */; };
		4DD349F3214770FE008C3B8A /* Main.storyboard in Resources */ = {isa = PBXBuildFile; fileRef = 4DD349F1214770FE008C3B8A /* Main.storyboard */; };
		4DD349F521477100008C3B8A /* Assets.xcassets in Resources */ = {isa = PBXBuildFile; fileRef = 4DD349F421477100008C3B8A /* Assets.xcassets */; };
		4DD349F821477100008C3B8A /* LaunchScreen.storyboard in Resources */ = {isa = PBXBuildFile; fileRef = 4DD349F621477100008C3B8A /* LaunchScreen.storyboard */; };
/* End PBXBuildFile section */

/* Begin PBXFileReference section */
		2C978D613658EDB5B3E3499E /* Pods-RXSwiftBasics.release.xcconfig */ = {isa = PBXFileReference; includeInIndex = 1; lastKnownFileType = text.xcconfig; name = "Pods-RXSwiftBasics.release.xcconfig"; path = "Pods/Target Support Files/Pods-RXSwiftBasics/Pods-RXSwiftBasics.release.xcconfig"; sourceTree = "<group>"; };
		36E9EC20752E873DD1204D18 /* Pods-RXSwiftBasics.debug.xcconfig */ = {isa = PBXFileReference; includeInIndex = 1; lastKnownFileType = text.xcconfig; name = "Pods-RXSwiftBasics.debug.xcconfig"; path = "Pods/Target Support Files/Pods-RXSwiftBasics/Pods-RXSwiftBasics.debug.xcconfig"; sourceTree = "<group>"; };
		4D6892632148EB2500B10987 /* ObservableIntroduce.swift */ = {isa = PBXFileReference; lastKnownFileType = sourcecode.swift; path = ObservableIntroduce.swift; sourceTree = "<group>"; };
		4D68926821490F2B00B10987 /* ObservableSubscibe.swift */ = {isa = PBXFileReference; lastKnownFileType = sourcecode.swift; path = ObservableSubscibe.swift; sourceTree = "<group>"; };
		4DD349EA214770FE008C3B8A /* RXSwiftBasics.app */ = {isa = PBXFileReference; explicitFileType = wrapper.application; includeInIndex = 0; path = RXSwiftBasics.app; sourceTree = BUILT_PRODUCTS_DIR; };
		4DD349ED214770FE008C3B8A /* AppDelegate.swift */ = {isa = PBXFileReference; lastKnownFileType = sourcecode.swift; path = AppDelegate.swift; sourceTree = "<group>"; };
		4DD349EF214770FE008C3B8A /* ViewController.swift */ = {isa = PBXFileReference; lastKnownFileType = sourcecode.swift; path = ViewController.swift; sourceTree = "<group>"; };
		4DD349F2214770FE008C3B8A /* Base */ = {isa = PBXFileReference; lastKnownFileType = file.storyboard; name = Base; path = Base.lproj/Main.storyboard; sourceTree = "<group>"; };
		4DD349F421477100008C3B8A /* Assets.xcassets */ = {isa = PBXFileReference; lastKnownFileType = folder.assetcatalog; path = Assets.xcassets; sourceTree = "<group>"; };
		4DD349F721477100008C3B8A /* Base */ = {isa = PBXFileReference; lastKnownFileType = file.storyboard; name = Base; path = Base.lproj/LaunchScreen.storyboard; sourceTree = "<group>"; };
		4DD349F921477100008C3B8A /* Info.plist */ = {isa = PBXFileReference; lastKnownFileType = text.plist.xml; path = Info.plist; sourceTree = "<group>"; };
		768D17BF28BD71E662BCDDFC /* Pods_RXSwiftBasics.framework */ = {isa = PBXFileReference; explicitFileType = wrapper.framework; includeInIndex = 0; path = Pods_RXSwiftBasics.framework; sourceTree = BUILT_PRODUCTS_DIR; };
/* End PBXFileReference section */

/* Begin PBXFrameworksBuildPhase section */
		4DD349E7214770FE008C3B8A /* Frameworks */ = {
			isa = PBXFrameworksBuildPhase;
			buildActionMask = 2147483647;
			files = (
				32F40A681165E7F8BE8A9330 /* Pods_RXSwiftBasics.framework in Frameworks */,
			);
			runOnlyForDeploymentPostprocessing = 0;
		};
/* End PBXFrameworksBuildPhase section */

/* Begin PBXGroup section */
		4D6892622148C54400B10987 /* basics */ = {
			isa = PBXGroup;
			children = (
				4D68926721490ED100B10987 /* Observable */,
			);
			path = basics;
			sourceTree = "<group>";
		};
		4D68926721490ED100B10987 /* Observable */ = {
			isa = PBXGroup;
			children = (
				4D6892632148EB2500B10987 /* ObservableIntroduce.swift */,
				4D68926821490F2B00B10987 /* ObservableSubscibe.swift */,
			);
			path = Observable;
			sourceTree = "<group>";
		};
		4DD349E1214770FE008C3B8A = {
			isa = PBXGroup;
			children = (
				4DD349EC214770FE008C3B8A /* RXSwiftBasics */,
				4DD349EB214770FE008C3B8A /* Products */,
				E36351F5F7CCCC2CEDAE9813 /* Pods */,
				FBDC7164451E2B9A7D5F6F26 /* Frameworks */,
			);
			sourceTree = "<group>";
		};
		4DD349EB214770FE008C3B8A /* Products */ = {
			isa = PBXGroup;
			children = (
				4DD349EA214770FE008C3B8A /* RXSwiftBasics.app */,
			);
			name = Products;
			sourceTree = "<group>";
		};
		4DD349EC214770FE008C3B8A /* RXSwiftBasics */ = {
			isa = PBXGroup;
			children = (
				4DD349ED214770FE008C3B8A /* AppDelegate.swift */,
				4DD349EF214770FE008C3B8A /* ViewController.swift */,
				4DD349F1214770FE008C3B8A /* Main.storyboard */,
				4D6892622148C54400B10987 /* basics */,
				4DD349F421477100008C3B8A /* Assets.xcassets */,
				4DD349F621477100008C3B8A /* LaunchScreen.storyboard */,
				4DD349F921477100008C3B8A /* Info.plist */,
			);
			path = RXSwiftBasics;
			sourceTree = "<group>";
		};
		E36351F5F7CCCC2CEDAE9813 /* Pods */ = {
			isa = PBXGroup;
			children = (
				36E9EC20752E873DD1204D18 /* Pods-RXSwiftBasics.debug.xcconfig */,
				2C978D613658EDB5B3E3499E /* Pods-RXSwiftBasics.release.xcconfig */,
			);
			name = Pods;
			sourceTree = "<group>";
		};
		FBDC7164451E2B9A7D5F6F26 /* Frameworks */ = {
			isa = PBXGroup;
			children = (
				768D17BF28BD71E662BCDDFC /* Pods_RXSwiftBasics.framework */,
			);
			name = Frameworks;
			sourceTree = "<group>";
		};
/* End PBXGroup section */

/* Begin PBXNativeTarget section */
		4DD349E9214770FE008C3B8A /* RXSwiftBasics */ = {
			isa = PBXNativeTarget;
			buildConfigurationList = 4DD349FC21477100008C3B8A /* Build configuration list for PBXNativeTarget "RXSwiftBasics" */;
			buildPhases = (
				FE3FC0E67C88C6B7C36F1DBB /* [CP] Check Pods Manifest.lock */,
				4DD349E6214770FE008C3B8A /* Sources */,
				4DD349E7214770FE008C3B8A /* Frameworks */,
				4DD349E8214770FE008C3B8A /* Resources */,
				E81607D4DBA58DA98A7ED03C /* [CP] Embed Pods Frameworks */,
				E26A6CA64AA7B1A990ADE0F3 /* [CP] Copy Pods Resources */,
			);
			buildRules = (
			);
			dependencies = (
			);
			name = RXSwiftBasics;
			productName = RXSwiftBasics;
			productReference = 4DD349EA214770FE008C3B8A /* RXSwiftBasics.app */;
			productType = "com.apple.product-type.application";
		};
/* End PBXNativeTarget section */

/* Begin PBXProject section */
		4DD349E2214770FE008C3B8A /* Project object */ = {
			isa = PBXProject;
			attributes = {
				LastSwiftUpdateCheck = 0940;
				LastUpgradeCheck = 0940;
				ORGANIZATIONNAME = lwr;
				TargetAttributes = {
					4DD349E9214770FE008C3B8A = {
						CreatedOnToolsVersion = 9.4.1;
					};
				};
			};
			buildConfigurationList = 4DD349E5214770FE008C3B8A /* Build configuration list for PBXProject "RXSwiftBasics" */;
			compatibilityVersion = "Xcode 9.3";
			developmentRegion = en;
			hasScannedForEncodings = 0;
			knownRegions = (
				en,
				Base,
			);
			mainGroup = 4DD349E1214770FE008C3B8A;
			productRefGroup = 4DD349EB214770FE008C3B8A /* Products */;
			projectDirPath = "";
			projectRoot = "";
			targets = (
				4DD349E9214770FE008C3B8A /* RXSwiftBasics */,
			);
		};
/* End PBXProject section */

/* Begin PBXResourcesBuildPhase section */
		4DD349E8214770FE008C3B8A /* Resources */ = {
			isa = PBXResourcesBuildPhase;
			buildActionMask = 2147483647;
			files = (
				4DD349F821477100008C3B8A /* LaunchScreen.storyboard in Resources */,
				4DD349F521477100008C3B8A /* Assets.xcassets in Resources */,
				4DD349F3214770FE008C3B8A /* Main.storyboard in Resources */,
			);
			runOnlyForDeploymentPostprocessing = 0;
		};
/* End PBXResourcesBuildPhase section */

/* Begin PBXShellScriptBuildPhase section */
		E26A6CA64AA7B1A990ADE0F3 /* [CP] Copy Pods Resources */ = {
			isa = PBXShellScriptBuildPhase;
			buildActionMask = 2147483647;
			files = (
			);
			inputPaths = (
			);
			name = "[CP] Copy Pods Resources";
			outputPaths = (
			);
			runOnlyForDeploymentPostprocessing = 0;
			shellPath = /bin/sh;
			shellScript = "\"${SRCROOT}/Pods/Target Support Files/Pods-RXSwiftBasics/Pods-RXSwiftBasics-resources.sh\"\n";
			showEnvVarsInLog = 0;
		};
		E81607D4DBA58DA98A7ED03C /* [CP] Embed Pods Frameworks */ = {
			isa = PBXShellScriptBuildPhase;
			buildActionMask = 2147483647;
			files = (
			);
			inputPaths = (
				"${SRCROOT}/Pods/Target Support Files/Pods-RXSwiftBasics/Pods-RXSwiftBasics-frameworks.sh",
				"${BUILT_PRODUCTS_DIR}/RxCocoa/RxCocoa.framework",
				"${BUILT_PRODUCTS_DIR}/RxSwift/RxSwift.framework",
			);
			name = "[CP] Embed Pods Frameworks";
			outputPaths = (
				"${TARGET_BUILD_DIR}/${FRAMEWORKS_FOLDER_PATH}/RxCocoa.framework",
				"${TARGET_BUILD_DIR}/${FRAMEWORKS_FOLDER_PATH}/RxSwift.framework",
			);
			runOnlyForDeploymentPostprocessing = 0;
			shellPath = /bin/sh;
			shellScript = "\"${SRCROOT}/Pods/Target Support Files/Pods-RXSwiftBasics/Pods-RXSwiftBasics-frameworks.sh\"\n";
			showEnvVarsInLog = 0;
		};
		FE3FC0E67C88C6B7C36F1DBB /* [CP] Check Pods Manifest.lock */ = {
			isa = PBXShellScriptBuildPhase;
			buildActionMask = 2147483647;
			files = (
			);
			inputPaths = (
				"${PODS_PODFILE_DIR_PATH}/Podfile.lock",
				"${PODS_ROOT}/Manifest.lock",
			);
			name = "[CP] Check Pods Manifest.lock";
			outputPaths = (
				"$(DERIVED_FILE_DIR)/Pods-RXSwiftBasics-checkManifestLockResult.txt",
			);
			runOnlyForDeploymentPostprocessing = 0;
			shellPath = /bin/sh;
			shellScript = "diff \"${PODS_PODFILE_DIR_PATH}/Podfile.lock\" \"${PODS_ROOT}/Manifest.lock\" > /dev/null\nif [ $? != 0 ] ; then\n    # print error to STDERR\n    echo \"error: The sandbox is not in sync with the Podfile.lock. Run 'pod install' or update your CocoaPods installation.\" >&2\n    exit 1\nfi\n# This output is used by Xcode 'outputs' to avoid re-running this script phase.\necho \"SUCCESS\" > \"${SCRIPT_OUTPUT_FILE_0}\"\n";
			showEnvVarsInLog = 0;
		};
/* End PBXShellScriptBuildPhase section */

/* Begin PBXSourcesBuildPhase section */
		4DD349E6214770FE008C3B8A /* Sources */ = {
			isa = PBXSourcesBuildPhase;
			buildActionMask = 2147483647;
			files = (
				4D68926921490F2B00B10987 /* ObservableSubscibe.swift in Sources */,
				4DD349F0214770FE008C3B8A /* ViewController.swift in Sources */,
				4DD349EE214770FE008C3B8A /* AppDelegate.swift in Sources */,
				4D6892652148EB2500B10987 /* ObservableIntroduce.swift in Sources */,
			);
			runOnlyForDeploymentPostprocessing = 0;
		};
/* End PBXSourcesBuildPhase section */

/* Begin PBXVariantGroup section */
		4DD349F1214770FE008C3B8A /* Main.storyboard */ = {
			isa = PBXVariantGroup;
			children = (
				4DD349F2214770FE008C3B8A /* Base */,
			);
			name = Main.storyboard;
			sourceTree = "<group>";
		};
		4DD349F621477100008C3B8A /* LaunchScreen.storyboard */ = {
			isa = PBXVariantGroup;
			children = (
				4DD349F721477100008C3B8A /* Base */,
			);
			name = LaunchScreen.storyboard;
			sourceTree = "<group>";
		};
/* End PBXVariantGroup section */

/* Begin XCBuildConfiguration section */
		4DD349FA21477100008C3B8A /* Debug */ = {
			isa = XCBuildConfiguration;
			buildSettings = {
				ALWAYS_SEARCH_USER_PATHS = NO;
				CLANG_ANALYZER_NONNULL = YES;
				CLANG_ANALYZER_NUMBER_OBJECT_CONVERSION = YES_AGGRESSIVE;
				CLANG_CXX_LANGUAGE_STANDARD = "gnu++14";
				CLANG_CXX_LIBRARY = "libc++";
				CLANG_ENABLE_MODULES = YES;
				CLANG_ENABLE_OBJC_ARC = YES;
				CLANG_ENABLE_OBJC_WEAK = YES;
				CLANG_WARN_BLOCK_CAPTURE_AUTORELEASING = YES;
				CLANG_WARN_BOOL_CONVERSION = YES;
				CLANG_WARN_COMMA = YES;
				CLANG_WARN_CONSTANT_CONVERSION = YES;
				CLANG_WARN_DEPRECATED_OBJC_IMPLEMENTATIONS = YES;
				CLANG_WARN_DIRECT_OBJC_ISA_USAGE = YES_ERROR;
				CLANG_WARN_DOCUMENTATION_COMMENTS = YES;
				CLANG_WARN_EMPTY_BODY = YES;
				CLANG_WARN_ENUM_CONVERSION = YES;
				CLANG_WARN_INFINITE_RECURSION = YES;
				CLANG_WARN_INT_CONVERSION = YES;
				CLANG_WARN_NON_LITERAL_NULL_CONVERSION = YES;
				CLANG_WARN_OBJC_IMPLICIT_RETAIN_SELF = YES;
				CLANG_WARN_OBJC_LITERAL_CONVERSION = YES;
				CLANG_WARN_OBJC_ROOT_CLASS = YES_ERROR;
				CLANG_WARN_RANGE_LOOP_ANALYSIS = YES;
				CLANG_WARN_STRICT_PROTOTYPES = YES;
				CLANG_WARN_SUSPICIOUS_MOVE = YES;
				CLANG_WARN_UNGUARDED_AVAILABILITY = YES_AGGRESSIVE;
				CLANG_WARN_UNREACHABLE_CODE = YES;
				CLANG_WARN__DUPLICATE_METHOD_MATCH = YES;
				CODE_SIGN_IDENTITY = "iPhone Developer";
				COPY_PHASE_STRIP = NO;
				DEBUG_INFORMATION_FORMAT = dwarf;
				ENABLE_STRICT_OBJC_MSGSEND = YES;
				ENABLE_TESTABILITY = YES;
				GCC_C_LANGUAGE_STANDARD = gnu11;
				GCC_DYNAMIC_NO_PIC = NO;
				GCC_NO_COMMON_BLOCKS = YES;
				GCC_OPTIMIZATION_LEVEL = 0;
				GCC_PREPROCESSOR_DEFINITIONS = (
					"DEBUG=1",
					"$(inherited)",
				);
				GCC_WARN_64_TO_32_BIT_CONVERSION = YES;
				GCC_WARN_ABOUT_RETURN_TYPE = YES_ERROR;
				GCC_WARN_UNDECLARED_SELECTOR = YES;
				GCC_WARN_UNINITIALIZED_AUTOS = YES_AGGRESSIVE;
				GCC_WARN_UNUSED_FUNCTION = YES;
				GCC_WARN_UNUSED_VARIABLE = YES;
				IPHONEOS_DEPLOYMENT_TARGET = 11.4;
				MTL_ENABLE_DEBUG_INFO = YES;
				ONLY_ACTIVE_ARCH = YES;
				SDKROOT = iphoneos;
				SWIFT_ACTIVE_COMPILATION_CONDITIONS = DEBUG;
				SWIFT_OPTIMIZATION_LEVEL = "-Onone";
			};
			name = Debug;
		};
		4DD349FB21477100008C3B8A /* Release */ = {
			isa = XCBuildConfiguration;
			buildSettings = {
				ALWAYS_SEARCH_USER_PATHS = NO;
				CLANG_ANALYZER_NONNULL = YES;
				CLANG_ANALYZER_NUMBER_OBJECT_CONVERSION = YES_AGGRESSIVE;
				CLANG_CXX_LANGUAGE_STANDARD = "gnu++14";
				CLANG_CXX_LIBRARY = "libc++";
				CLANG_ENABLE_MODULES = YES;
				CLANG_ENABLE_OBJC_ARC = YES;
				CLANG_ENABLE_OBJC_WEAK = YES;
				CLANG_WARN_BLOCK_CAPTURE_AUTORELEASING = YES;
				CLANG_WARN_BOOL_CONVERSION = YES;
				CLANG_WARN_COMMA = YES;
				CLANG_WARN_CONSTANT_CONVERSION = YES;
				CLANG_WARN_DEPRECATED_OBJC_IMPLEMENTATIONS = YES;
				CLANG_WARN_DIRECT_OBJC_ISA_USAGE = YES_ERROR;
				CLANG_WARN_DOCUMENTATION_COMMENTS = YES;
				CLANG_WARN_EMPTY_BODY = YES;
				CLANG_WARN_ENUM_CONVERSION = YES;
				CLANG_WARN_INFINITE_RECURSION = YES;
				CLANG_WARN_INT_CONVERSION = YES;
				CLANG_WARN_NON_LITERAL_NULL_CONVERSION = YES;
				CLANG_WARN_OBJC_IMPLICIT_RETAIN_SELF = YES;
				CLANG_WARN_OBJC_LITERAL_CONVERSION = YES;
				CLANG_WARN_OBJC_ROOT_CLASS = YES_ERROR;
				CLANG_WARN_RANGE_LOOP_ANALYSIS = YES;
				CLANG_WARN_STRICT_PROTOTYPES = YES;
				CLANG_WARN_SUSPICIOUS_MOVE = YES;
				CLANG_WARN_UNGUARDED_AVAILABILITY = YES_AGGRESSIVE;
				CLANG_WARN_UNREACHABLE_CODE = YES;
				CLANG_WARN__DUPLICATE_METHOD_MATCH = YES;
				CODE_SIGN_IDENTITY = "iPhone Developer";
				COPY_PHASE_STRIP = NO;
				DEBUG_INFORMATION_FORMAT = "dwarf-with-dsym";
				ENABLE_NS_ASSERTIONS = NO;
				ENABLE_STRICT_OBJC_MSGSEND = YES;
				GCC_C_LANGUAGE_STANDARD = gnu11;
				GCC_NO_COMMON_BLOCKS = YES;
				GCC_WARN_64_TO_32_BIT_CONVERSION = YES;
				GCC_WARN_ABOUT_RETURN_TYPE = YES_ERROR;
				GCC_WARN_UNDECLARED_SELECTOR = YES;
				GCC_WARN_UNINITIALIZED_AUTOS = YES_AGGRESSIVE;
				GCC_WARN_UNUSED_FUNCTION = YES;
				GCC_WARN_UNUSED_VARIABLE = YES;
				IPHONEOS_DEPLOYMENT_TARGET = 11.4;
				MTL_ENABLE_DEBUG_INFO = NO;
				SDKROOT = iphoneos;
				SWIFT_COMPILATION_MODE = wholemodule;
				SWIFT_OPTIMIZATION_LEVEL = "-O";
				VALIDATE_PRODUCT = YES;
			};
			name = Release;
		};
		4DD349FD21477100008C3B8A /* Debug */ = {
			isa = XCBuildConfiguration;
			baseConfigurationReference = 36E9EC20752E873DD1204D18 /* Pods-RXSwiftBasics.debug.xcconfig */;
			buildSettings = {
				ASSETCATALOG_COMPILER_APPICON_NAME = AppIcon;
				CODE_SIGN_IDENTITY = "iPhone Distribution: Beijing Xiangha Science and Technology Development CO., LTD";
				CODE_SIGN_STYLE = Manual;
				DEVELOPMENT_TEAM = 25U2X7ZE8N;
				INFOPLIST_FILE = RXSwiftBasics/Info.plist;
				IPHONEOS_DEPLOYMENT_TARGET = 9.0;
				LD_RUNPATH_SEARCH_PATHS = (
					"$(inherited)",
					"@executable_path/Frameworks",
				);
				PRODUCT_BUNDLE_IDENTIFIER = com.xiangha.fresh;
				PRODUCT_NAME = "$(TARGET_NAME)";
				PROVISIONING_PROFILE = "1d8ba465-5a32-44b2-bb17-89a396cd87c0";
				PROVISIONING_PROFILE_SPECIFIER = freshDev;
				SWIFT_VERSION = 4.0;
				TARGETED_DEVICE_FAMILY = 1;
			};
			name = Debug;
		};
		4DD349FE21477100008C3B8A /* Release */ = {
			isa = XCBuildConfiguration;
			baseConfigurationReference = 2C978D613658EDB5B3E3499E /* Pods-RXSwiftBasics.release.xcconfig */;
			buildSettings = {
				ASSETCATALOG_COMPILER_APPICON_NAME = AppIcon;
				CODE_SIGN_IDENTITY = "iPhone Distribution: Beijing Xiangha Science and Technology Development CO., LTD";
				CODE_SIGN_STYLE = Manual;
				DEVELOPMENT_TEAM = 25U2X7ZE8N;
				INFOPLIST_FILE = RXSwiftBasics/Info.plist;
				IPHONEOS_DEPLOYMENT_TARGET = 9.0;
				LD_RUNPATH_SEARCH_PATHS = (
					"$(inherited)",
					"@executable_path/Frameworks",
				);
				PRODUCT_BUNDLE_IDENTIFIER = com.xiangha.fresh;
				PRODUCT_NAME = "$(TARGET_NAME)";
				PROVISIONING_PROFILE = "1d8ba465-5a32-44b2-bb17-89a396cd87c0";
				PROVISIONING_PROFILE_SPECIFIER = freshDev;
				SWIFT_VERSION = 4.0;
				TARGETED_DEVICE_FAMILY = 1;
			};
			name = Release;
		};
/* End XCBuildConfiguration section */

/* Begin XCConfigurationList section */
		4DD349E5214770FE008C3B8A /* Build configuration list for PBXProject "RXSwiftBasics" */ = {
			isa = XCConfigurationList;
			buildConfigurations = (
				4DD349FA21477100008C3B8A /* Debug */,
				4DD349FB21477100008C3B8A /* Release */,
			);
			defaultConfigurationIsVisible = 0;
			defaultConfigurationName = Release;
		};
		4DD349FC21477100008C3B8A /* Build configuration list for PBXNativeTarget "RXSwiftBasics" */ = {
			isa = XCConfigurationList;
			buildConfigurations = (
				4DD349FD21477100008C3B8A /* Debug */,
				4DD349FE21477100008C3B8A /* Release */,
			);
			defaultConfigurationIsVisible = 0;
			defaultConfigurationName = Release;
		};
/* End XCConfigurationList section */
	};
	rootObject = 4DD349E2214770FE008C3B8A /* Project object */;
}
